
Microsoft Visual Studio Solution File, Format Version 12.00
# Visual Studio Version 16
VisualStudioVersion = 16.0.30621.155
MinimumVisualStudioVersion = 10.0.40219.1
Project("{9A19103F-16F7-4668-BE54-9A1E7A4F7556}") = "TwoDo", "TwoDo.csproj", "{C4466E70-AF17-4B5F-8F9C-8DBB17FDDD9F}"
EndProject
Global
	GlobalSection(SolutionConfigurationPlatforms) = preSolution
		Debug|Any CPU = Debug|Any CPU
		Release|Any CPU = Release|Any CPU
	EndGlobalSection
	GlobalSection(ProjectConfigurationPlatforms) = postSolution
		{C4466E70-AF17-4B5F-8F9C-8DBB17FDDD9F}.Debug|Any CPU.ActiveCfg = Debug|Any CPU
		{C4466E70-AF17-4B5F-8F9C-8DBB17FDDD9F}.Debug|Any CPU.Build.0 = Debug|Any CPU
		{C4466E70-AF17-4B5F-8F9C-8DBB17FDDD9F}.Release|Any CPU.ActiveCfg = Release|Any CPU
		{C4466E70-AF17-4B5F-8F9C-8DBB17FDDD9F}.Release|Any CPU.Build.0 = Release|Any CPU
	EndGlobalSection
	GlobalSection(SolutionProperties) = preSolution
		HideSolutionNode = FALSE
	EndGlobalSection
	GlobalSection(ExtensibilityGlobals) = postSolution
		SolutionGuid = {67875405-0DF2-44AA-8EF0-BAA2A3A07794}
	EndGlobalSection
EndGlobal
